
Microsoft Visual Studio Solution File, Format Version 12.00
# Visual Studio 14
VisualStudioVersion = 14.0.23107.0
MinimumVisualStudioVersion = 10.0.40219.1
Project("{FAE04EC0-301F-11D3-BF4B-00C04F79EFBC}") = "DummySolution.WebProject", "DummySolution.WebProject\DummySolution.WebProject.csproj", "{DD65377A-5DAC-405A-9A97-ED1283B42C9C}"
EndProject
Project("{FAE04EC0-301F-11D3-BF4B-00C04F79EFBC}") = "DummySolution.TestProject", "DummySolution.TestProject\DummySolution.TestProject.csproj", "{F036FEA8-08B4-434C-9C21-01A0B9EB1B7F}"
EndProject
Global
	GlobalSection(SolutionConfigurationPlatforms) = preSolution
		Debug|Any CPU = Debug|Any CPU
		Release|Any CPU = Release|Any CPU
	EndGlobalSection
	GlobalSection(ProjectConfigurationPlatforms) = postSolution
		{DD65377A-5DAC-405A-9A97-ED1283B42C9C}.Debug|Any CPU.ActiveCfg = Debug|Any CPU
		{DD65377A-5DAC-405A-9A97-ED1283B42C9C}.Debug|Any CPU.Build.0 = Debug|Any CPU
		{DD65377A-5DAC-405A-9A97-ED1283B42C9C}.Release|Any CPU.ActiveCfg = Release|Any CPU
		{DD65377A-5DAC-405A-9A97-ED1283B42C9C}.Release|Any CPU.Build.0 = Release|Any CPU
		{F036FEA8-08B4-434C-9C21-01A0B9EB1B7F}.Debug|Any CPU.ActiveCfg = Debug|Any CPU
		{F036FEA8-08B4-434C-9C21-01A0B9EB1B7F}.Debug|Any CPU.Build.0 = Debug|Any CPU
		{F036FEA8-08B4-434C-9C21-01A0B9EB1B7F}.Release|Any CPU.ActiveCfg = Release|Any CPU
		{F036FEA8-08B4-434C-9C21-01A0B9EB1B7F}.Release|Any CPU.Build.0 = Release|Any CPU
	EndGlobalSection
	GlobalSection(SolutionProperties) = preSolution
		HideSolutionNode = FALSE
	EndGlobalSection
EndGlobal
